<?xml version="1.0" encoding="utf-8"?>
<Project ToolsVersion="4.0" xmlns="http://schemas.microsoft.com/developer/msbuild/2003">
  <ItemGroup>
    <Filter Include="Source Files">
      <UniqueIdentifier>{4be49180-ba8f-4019-a68a-14340769a616}</UniqueIdentifier>
      <Extensions>cpp;c;cxx;def;odl;idl;hpj;bat;asm</Extensions>
    </Filter>
    <Filter Include="Header Files">
      <UniqueIdentifier>{81e6461c-7a8d-4455-8d3e-f93177ec21e0}</UniqueIdentifier>
      <Extensions>h;hpp;hxx;hm;inl;inc</Extensions>
    </Filter>
    <Filter Include="Resource Files">
      <UniqueIdentifier>{f377b757-8b76-45e7-9c08-c863dcfd8a15}</UniqueIdentifier>
      <Extensions>rc;ico;cur;bmp;dlg;rc2;rct;bin;rgs;jpg;jpeg;jpe;manifest</Extensions>
    </Filter>
    <Filter Include="Views">
      <UniqueIdentifier>{7c9381e8-19f2-4334-8d5b-4ea5fb3c6389}</UniqueIdentifier>
    </Filter>
    <Filter Include="Dialogs">
      <UniqueIdentifier>{6fcffec9-b022-44b1-b4cf-b79c35469bc7}</UniqueIdentifier>
    </Filter>
    <Filter Include="Resource Files\Icons">
      <UniqueIdentifier>{851d4c25-868b-4f2b-a385-19f43751aea0}</UniqueIdentifier>
    </Filter>
  </ItemGroup>
  <ItemGroup>
    <ClCompile Include="pch.cpp">
      <Filter>Source Files</Filter>
    </ClCompile>
    <ClCompile Include="ETWStudio.cpp">
      <Filter>Source Files</Filter>
    </ClCompile>
    <ClCompile Include="MainFrm.cpp">
      <Filter>Source Files</Filter>
    </ClCompile>
    <ClCompile Include="AboutDlg.cpp">
      <Filter>Dialogs</Filter>
    </ClCompile>
    <ClCompile Include="ProvidersView.cpp">
      <Filter>Views</Filter>
    </ClCompile>
  </ItemGroup>
  <ItemGroup>
    <ClInclude Include="pch.h">
      <Filter>Header Files</Filter>
    </ClInclude>
    <ClInclude Include="MainFrm.h">
      <Filter>Header Files</Filter>
    </ClInclude>
    <ClInclude Include="resource.h">
      <Filter>Header Files</Filter>
    </ClInclude>
    <ClInclude Include="AboutDlg.h">
      <Filter>Dialogs</Filter>
    </ClInclude>
    <ClInclude Include="ProvidersView.h">
      <Filter>Views</Filter>
    </ClInclude>
    <ClInclude Include="Interfaces.h">
      <Filter>Header Files</Filter>
    </ClInclude>
  </ItemGroup>
  <ItemGroup>
    <ResourceCompile Include="ETWStudio.rc">
      <Filter>Resource Files</Filter>
    </ResourceCompile>
  </ItemGroup>
  <ItemGroup>
    <None Include="packages.config" />
  </ItemGroup>
  <ItemGroup>
    <Image Include="res\ETWStudio.ico">
      <Filter>Resource Files\Icons</Filter>
    </Image>
    <Image Include="res\providers.ico">
      <Filter>Resource Files\Icons</Filter>
    </Image>
    <Image Include="res\Filter.ico">
      <Filter>Resource Files\Icons</Filter>
    </Image>
    <Image Include="res\Open.ico">
      <Filter>Resource Files\Icons</Filter>
    </Image>
    <Image Include="res\Paste.ico">
      <Filter>Resource Files\Icons</Filter>
    </Image>
    <Image Include="res\Save.ico">
      <Filter>Resource Files\Icons</Filter>
    </Image>
    <Image Include="res\Session.ico">
      <Filter>Resource Files\Icons</Filter>
    </Image>
    <Image Include="res\autoscroll.ico">
      <Filter>Resource Files\Icons</Filter>
    </Image>
    <Image Include="res\Copy.ico">
      <Filter>Resource Files\Icons</Filter>
    </Image>
    <Image Include="res\Find.ico">
      <Filter>Resource Files\Icons</Filter>
    </Image>
    <Image Include="res\Play.ico">
      <Filter>Resource Files\Icons</Filter>
    </Image>
    <Image Include="res\stop.ico">
      <Filter>Resource Files\Icons</Filter>
    </Image>
    <Image Include="res\provider2.ico">
      <Filter>Resource Files\Icons</Filter>
    </Image>
    <Image Include="res\provider1.ico">
      <Filter>Resource Files\Icons</Filter>
    </Image>
    <Image Include="res\computer.ico">
      <Filter>Resource Files\Icons</Filter>
    </Image>
  </ItemGroup>
</Project>