<?xml version="1.0" encoding="utf-8"?>
<Project ToolsVersion="4.0" xmlns="http://schemas.microsoft.com/developer/msbuild/2003">
  <ItemGroup>
    <Filter Include="Source Files">
      <UniqueIdentifier>{4be49180-ba8f-4019-a68a-14340769a616}</UniqueIdentifier>
      <Extensions>cpp;c;cxx;def;odl;idl;hpj;bat;asm</Extensions>
    </Filter>
    <Filter Include="Header Files">
      <UniqueIdentifier>{81e6461c-7a8d-4455-8d3e-f93177ec21e0}</UniqueIdentifier>
      <Extensions>h;hpp;hxx;hm;inl;inc</Extensions>
    </Filter>
    <Filter Include="Resource Files">
      <UniqueIdentifier>{f377b757-8b76-45e7-9c08-c863dcfd8a15}</UniqueIdentifier>
      <Extensions>rc;ico;cur;bmp;dlg;rc2;rct;bin;rgs;jpg;jpeg;jpe;manifest</Extensions>
    </Filter>
    <Filter Include="Views">
      <UniqueIdentifier>{7c9381e8-19f2-4334-8d5b-4ea5fb3c6389}</UniqueIdentifier>
    </Filter>
    <Filter Include="Dialogs">
      <UniqueIdentifier>{6fcffec9-b022-44b1-b4cf-b79c35469bc7}</UniqueIdentifier>
    </Filter>
    <Filter Include="Resource Files\Icons">
      <UniqueIdentifier>{851d4c25-868b-4f2b-a385-19f43751aea0}</UniqueIdentifier>
    </Filter>
    <Filter Include="Filters">
      <UniqueIdentifier>{33568f5e-0f00-4aeb-9b06-35e3eccda39f}</UniqueIdentifier>
    </Filter>
  </ItemGroup>
  <ItemGroup>
    <ClCompile Include="pch.cpp">
      <Filter>Source Files</Filter>
    </ClCompile>
    <ClCompile Include="ETWStudio.cpp">
      <Filter>Source Files</Filter>
    </ClCompile>
    <ClCompile Include="MainFrm.cpp">
      <Filter>Source Files</Filter>
    </ClCompile>
    <ClCompile Include="AboutDlg.cpp">
      <Filter>Dialogs</Filter>
    </ClCompile>
    <ClCompile Include="ProvidersView.cpp">
      <Filter>Views</Filter>
    </ClCompile>
    <ClCompile Include="StringHelper.cpp">
      <Filter>Source Files</Filter>
    </ClCompile>
    <ClCompile Include="SessionDlg.cpp">
      <Filter>Dialogs</Filter>
    </ClCompile>
    <ClCompile Include="ProvidersDlg.cpp">
      <Filter>Dialogs</Filter>
    </ClCompile>
    <ClCompile Include="SimpleDlg.cpp">
      <Filter>Dialogs</Filter>
    </ClCompile>
    <ClCompile Include="LogView.cpp">
      <Filter>Views</Filter>
    </ClCompile>
    <ClCompile Include="SecurityHelper.cpp">
      <Filter>Source Files</Filter>
    </ClCompile>
    <ClCompile Include="FullFindDlg.cpp">
      <Filter>Dialogs</Filter>
    </ClCompile>
    <ClCompile Include="PropertyFilter.cpp">
      <Filter>Filters</Filter>
    </ClCompile>
    <ClCompile Include="FilterDlg.cpp">
      <Filter>Dialogs</Filter>
    </ClCompile>
    <ClCompile Include="PropertiesDlg.cpp">
      <Filter>Dialogs</Filter>
    </ClCompile>
  </ItemGroup>
  <ItemGroup>
    <ClInclude Include="pch.h">
      <Filter>Header Files</Filter>
    </ClInclude>
    <ClInclude Include="MainFrm.h">
      <Filter>Header Files</Filter>
    </ClInclude>
    <ClInclude Include="AboutDlg.h">
      <Filter>Dialogs</Filter>
    </ClInclude>
    <ClInclude Include="ProvidersView.h">
      <Filter>Views</Filter>
    </ClInclude>
    <ClInclude Include="Interfaces.h">
      <Filter>Header Files</Filter>
    </ClInclude>
    <ClInclude Include="StringHelper.h">
      <Filter>Header Files</Filter>
    </ClInclude>
    <ClInclude Include="SessionDlg.h">
      <Filter>Dialogs</Filter>
    </ClInclude>
    <ClInclude Include="resource.h">
      <Filter>Resource Files</Filter>
    </ClInclude>
    <ClInclude Include="ProvidersDlg.h">
      <Filter>Dialogs</Filter>
    </ClInclude>
    <ClInclude Include="SimpleDlg.h">
      <Filter>Dialogs</Filter>
    </ClInclude>
    <ClInclude Include="LogView.h">
      <Filter>Views</Filter>
    </ClInclude>
    <ClInclude Include="SecurityHelper.h">
      <Filter>Header Files</Filter>
    </ClInclude>
    <ClInclude Include="FullFindDlg.h">
      <Filter>Dialogs</Filter>
    </ClInclude>
    <ClInclude Include="PropertyFilter.h">
      <Filter>Filters</Filter>
    </ClInclude>
    <ClInclude Include="FilterDlg.h">
      <Filter>Dialogs</Filter>
    </ClInclude>
    <ClInclude Include="PropertiesDlg.h">
      <Filter>Dialogs</Filter>
    </ClInclude>
  </ItemGroup>
  <ItemGroup>
    <ResourceCompile Include="ETWStudio.rc">
      <Filter>Resource Files</Filter>
    </ResourceCompile>
  </ItemGroup>
  <ItemGroup>
    <None Include="packages.config" />
  </ItemGroup>
  <ItemGroup>
    <Image Include="res\ETWStudio.ico">
      <Filter>Resource Files\Icons</Filter>
    </Image>
    <Image Include="res\providers.ico">
      <Filter>Resource Files\Icons</Filter>
    </Image>
    <Image Include="res\Filter.ico">
      <Filter>Resource Files\Icons</Filter>
    </Image>
    <Image Include="res\Open.ico">
      <Filter>Resource Files\Icons</Filter>
    </Image>
    <Image Include="res\Save.ico">
      <Filter>Resource Files\Icons</Filter>
    </Image>
    <Image Include="res\Session.ico">
      <Filter>Resource Files\Icons</Filter>
    </Image>
    <Image Include="res\autoscroll.ico">
      <Filter>Resource Files\Icons</Filter>
    </Image>
    <Image Include="res\Copy.ico">
      <Filter>Resource Files\Icons</Filter>
    </Image>
    <Image Include="res\Find.ico">
      <Filter>Resource Files\Icons</Filter>
    </Image>
    <Image Include="res\Play.ico">
      <Filter>Resource Files\Icons</Filter>
    </Image>
    <Image Include="res\stop.ico">
      <Filter>Resource Files\Icons</Filter>
    </Image>
    <Image Include="res\provider2.ico">
      <Filter>Resource Files\Icons</Filter>
    </Image>
    <Image Include="res\provider1.ico">
      <Filter>Resource Files\Icons</Filter>
    </Image>
    <Image Include="res\computer.ico">
      <Filter>Resource Files\Icons</Filter>
    </Image>
    <Image Include="res\bug_green.ico">
      <Filter>Resource Files\Icons</Filter>
    </Image>
    <Image Include="res\error.ico">
      <Filter>Resource Files\Icons</Filter>
    </Image>
    <Image Include="res\EventInfo.ico">
      <Filter>Resource Files\Icons</Filter>
    </Image>
    <Image Include="res\EventWarning.ico">
      <Filter>Resource Files\Icons</Filter>
    </Image>
    <Image Include="res\Critical.ico">
      <Filter>Resource Files\Icons</Filter>
    </Image>
    <Image Include="res\event.ico">
      <Filter>Resource Files\Icons</Filter>
    </Image>
    <Image Include="res\event2.ico">
      <Filter>Resource Files\Icons</Filter>
    </Image>
    <Image Include="res\process.ico">
      <Filter>Resource Files\Icons</Filter>
    </Image>
    <Image Include="res\down.ico">
      <Filter>Resource Files\Icons</Filter>
    </Image>
    <Image Include="res\up.ico">
      <Filter>Resource Files\Icons</Filter>
    </Image>
    <Image Include="res\erase.ico">
      <Filter>Resource Files\Icons</Filter>
    </Image>
    <Image Include="res\highlight.ico">
      <Filter>Resource Files\Icons</Filter>
    </Image>
    <Image Include="res\Properties.ico">
      <Filter>Resource Files\Icons</Filter>
    </Image>
    <Image Include="res\pin.ico">
      <Filter>Resource Files\Icons</Filter>
    </Image>
    <Image Include="res\check.ico">
      <Filter>Resource Files\Icons</Filter>
    </Image>
    <Image Include="res\radio.ico">
      <Filter>Resource Files\Icons</Filter>
    </Image>
  </ItemGroup>
</Project>